// !$*UTF8*$!
{
	archiveVersion = 1;
	classes = {
	};
	objectVersion = 50;
	objects = {

/* Begin PBXBuildFile section */
		243BCE2A231C178C00CDF093 /* AppDelegate.swift in Sources */ = {isa = PBXBuildFile; fileRef = 243BCE29231C178C00CDF093 /* AppDelegate.swift */; };
		243BCE2C231C178C00CDF093 /* ViewController.swift in Sources */ = {isa = PBXBuildFile; fileRef = 243BCE2B231C178C00CDF093 /* ViewController.swift */; };
		243BCE2F231C178C00CDF093 /* Main.storyboard in Resources */ = {isa = PBXBuildFile; fileRef = 243BCE2D231C178C00CDF093 /* Main.storyboard */; };
		243BCE31231C178F00CDF093 /* Assets.xcassets in Resources */ = {isa = PBXBuildFile; fileRef = 243BCE30231C178F00CDF093 /* Assets.xcassets */; };
		243BCE34231C178F00CDF093 /* LaunchScreen.storyboard in Resources */ = {isa = PBXBuildFile; fileRef = 243BCE32231C178F00CDF093 /* LaunchScreen.storyboard */; };
		243BCE3F231C178F00CDF093 /* GpsViewerTests.swift in Sources */ = {isa = PBXBuildFile; fileRef = 243BCE3E231C178F00CDF093 /* GpsViewerTests.swift */; };
		243BCE44231C178F00CDF093 /* GpsViewer WatchKit App.app in Embed Watch Content */ = {isa = PBXBuildFile; fileRef = 243BCE43231C178F00CDF093 /* GpsViewer WatchKit App.app */; };
		243BCE4A231C178F00CDF093 /* Interface.storyboard in Resources */ = {isa = PBXBuildFile; fileRef = 243BCE48231C178F00CDF093 /* Interface.storyboard */; };
		243BCE4C231C178F00CDF093 /* Assets.xcassets in Resources */ = {isa = PBXBuildFile; fileRef = 243BCE4B231C178F00CDF093 /* Assets.xcassets */; };
		243BCE53231C178F00CDF093 /* GpsViewer WatchKit Extension.appex in Embed App Extensions */ = {isa = PBXBuildFile; fileRef = 243BCE52231C178F00CDF093 /* GpsViewer WatchKit Extension.appex */; settings = {ATTRIBUTES = (RemoveHeadersOnCopy, ); }; };
		243BCE58231C178F00CDF093 /* InterfaceController.swift in Sources */ = {isa = PBXBuildFile; fileRef = 243BCE57231C178F00CDF093 /* InterfaceController.swift */; };
		243BCE5A231C178F00CDF093 /* ExtensionDelegate.swift in Sources */ = {isa = PBXBuildFile; fileRef = 243BCE59231C178F00CDF093 /* ExtensionDelegate.swift */; };
		243BCE5C231C179000CDF093 /* Assets.xcassets in Resources */ = {isa = PBXBuildFile; fileRef = 243BCE5B231C179000CDF093 /* Assets.xcassets */; };
/* End PBXBuildFile section */

/* Begin PBXContainerItemProxy section */
		243BCE3B231C178F00CDF093 /* PBXContainerItemProxy */ = {
			isa = PBXContainerItemProxy;
			containerPortal = 243BCE1E231C178C00CDF093 /* Project object */;
			proxyType = 1;
			remoteGlobalIDString = 243BCE25231C178C00CDF093;
			remoteInfo = GpsViewer;
		};
		243BCE45231C178F00CDF093 /* PBXContainerItemProxy */ = {
			isa = PBXContainerItemProxy;
			containerPortal = 243BCE1E231C178C00CDF093 /* Project object */;
			proxyType = 1;
			remoteGlobalIDString = 243BCE42231C178F00CDF093;
			remoteInfo = "GpsViewer WatchKit App";
		};
		243BCE54231C178F00CDF093 /* PBXContainerItemProxy */ = {
			isa = PBXContainerItemProxy;
			containerPortal = 243BCE1E231C178C00CDF093 /* Project object */;
			proxyType = 1;
			remoteGlobalIDString = 243BCE51231C178F00CDF093;
			remoteInfo = "GpsViewer WatchKit Extension";
		};
/* End PBXContainerItemProxy section */

/* Begin PBXCopyFilesBuildPhase section */
		243BCE63231C179000CDF093 /* Embed App Extensions */ = {
			isa = PBXCopyFilesBuildPhase;
			buildActionMask = 2147483647;
			dstPath = "";
			dstSubfolderSpec = 13;
			files = (
				243BCE53231C178F00CDF093 /* GpsViewer WatchKit Extension.appex in Embed App Extensions */,
			);
			name = "Embed App Extensions";
			runOnlyForDeploymentPostprocessing = 0;
		};
		243BCE67231C179000CDF093 /* Embed Watch Content */ = {
			isa = PBXCopyFilesBuildPhase;
			buildActionMask = 2147483647;
			dstPath = "$(CONTENTS_FOLDER_PATH)/Watch";
			dstSubfolderSpec = 16;
			files = (
				243BCE44231C178F00CDF093 /* GpsViewer WatchKit App.app in Embed Watch Content */,
			);
			name = "Embed Watch Content";
			runOnlyForDeploymentPostprocessing = 0;
		};
/* End PBXCopyFilesBuildPhase section */

/* Begin PBXFileReference section */
		243BCE26231C178C00CDF093 /* GpsViewer.app */ = {isa = PBXFileReference; explicitFileType = wrapper.application; includeInIndex = 0; path = GpsViewer.app; sourceTree = BUILT_PRODUCTS_DIR; };
		243BCE29231C178C00CDF093 /* AppDelegate.swift */ = {isa = PBXFileReference; lastKnownFileType = sourcecode.swift; path = AppDelegate.swift; sourceTree = "<group>"; };
		243BCE2B231C178C00CDF093 /* ViewController.swift */ = {isa = PBXFileReference; lastKnownFileType = sourcecode.swift; path = ViewController.swift; sourceTree = "<group>"; };
		243BCE2E231C178C00CDF093 /* Base */ = {isa = PBXFileReference; lastKnownFileType = file.storyboard; name = Base; path = Base.lproj/Main.storyboard; sourceTree = "<group>"; };
		243BCE30231C178F00CDF093 /* Assets.xcassets */ = {isa = PBXFileReference; lastKnownFileType = folder.assetcatalog; path = Assets.xcassets; sourceTree = "<group>"; };
		243BCE33231C178F00CDF093 /* Base */ = {isa = PBXFileReference; lastKnownFileType = file.storyboard; name = Base; path = Base.lproj/LaunchScreen.storyboard; sourceTree = "<group>"; };
		243BCE35231C178F00CDF093 /* Info.plist */ = {isa = PBXFileReference; lastKnownFileType = text.plist.xml; path = Info.plist; sourceTree = "<group>"; };
		243BCE3A231C178F00CDF093 /* GpsViewerTests.xctest */ = {isa = PBXFileReference; explicitFileType = wrapper.cfbundle; includeInIndex = 0; path = GpsViewerTests.xctest; sourceTree = BUILT_PRODUCTS_DIR; };
		243BCE3E231C178F00CDF093 /* GpsViewerTests.swift */ = {isa = PBXFileReference; lastKnownFileType = sourcecode.swift; path = GpsViewerTests.swift; sourceTree = "<group>"; };
		243BCE40231C178F00CDF093 /* Info.plist */ = {isa = PBXFileReference; lastKnownFileType = text.plist.xml; path = Info.plist; sourceTree = "<group>"; };
		243BCE43231C178F00CDF093 /* GpsViewer WatchKit App.app */ = {isa = PBXFileReference; explicitFileType = wrapper.application; includeInIndex = 0; path = "GpsViewer WatchKit App.app"; sourceTree = BUILT_PRODUCTS_DIR; };
		243BCE49231C178F00CDF093 /* Base */ = {isa = PBXFileReference; lastKnownFileType = file.storyboard; name = Base; path = Base.lproj/Interface.storyboard; sourceTree = "<group>"; };
		243BCE4B231C178F00CDF093 /* Assets.xcassets */ = {isa = PBXFileReference; lastKnownFileType = folder.assetcatalog; path = Assets.xcassets; sourceTree = "<group>"; };
		243BCE4D231C178F00CDF093 /* Info.plist */ = {isa = PBXFileReference; lastKnownFileType = text.plist.xml; path = Info.plist; sourceTree = "<group>"; };
		243BCE52231C178F00CDF093 /* GpsViewer WatchKit Extension.appex */ = {isa = PBXFileReference; explicitFileType = "wrapper.app-extension"; includeInIndex = 0; path = "GpsViewer WatchKit Extension.appex"; sourceTree = BUILT_PRODUCTS_DIR; };
		243BCE57231C178F00CDF093 /* InterfaceController.swift */ = {isa = PBXFileReference; lastKnownFileType = sourcecode.swift; path = InterfaceController.swift; sourceTree = "<group>"; };
		243BCE59231C178F00CDF093 /* ExtensionDelegate.swift */ = {isa = PBXFileReference; lastKnownFileType = sourcecode.swift; path = ExtensionDelegate.swift; sourceTree = "<group>"; };
		243BCE5B231C179000CDF093 /* Assets.xcassets */ = {isa = PBXFileReference; lastKnownFileType = folder.assetcatalog; path = Assets.xcassets; sourceTree = "<group>"; };
		243BCE5D231C179000CDF093 /* Info.plist */ = {isa = PBXFileReference; lastKnownFileType = text.plist.xml; path = Info.plist; sourceTree = "<group>"; };
/* End PBXFileReference section */

/* Begin PBXFrameworksBuildPhase section */
		243BCE23231C178C00CDF093 /* Frameworks */ = {
			isa = PBXFrameworksBuildPhase;
			buildActionMask = 2147483647;
			files = (
			);
			runOnlyForDeploymentPostprocessing = 0;
		};
		243BCE37231C178F00CDF093 /* Frameworks */ = {
			isa = PBXFrameworksBuildPhase;
			buildActionMask = 2147483647;
			files = (
			);
			runOnlyForDeploymentPostprocessing = 0;
		};
		243BCE4F231C178F00CDF093 /* Frameworks */ = {
			isa = PBXFrameworksBuildPhase;
			buildActionMask = 2147483647;
			files = (
			);
			runOnlyForDeploymentPostprocessing = 0;
		};
/* End PBXFrameworksBuildPhase section */

/* Begin PBXGroup section */
		243BCE1D231C178C00CDF093 = {
			isa = PBXGroup;
			children = (
				243BCE28231C178C00CDF093 /* GpsViewer */,
				243BCE3D231C178F00CDF093 /* GpsViewerTests */,
				243BCE47231C178F00CDF093 /* GpsViewer WatchKit App */,
				243BCE56231C178F00CDF093 /* GpsViewer WatchKit Extension */,
				243BCE27231C178C00CDF093 /* Products */,
			);
			sourceTree = "<group>";
		};
		243BCE27231C178C00CDF093 /* Products */ = {
			isa = PBXGroup;
			children = (
				243BCE26231C178C00CDF093 /* GpsViewer.app */,
				243BCE3A231C178F00CDF093 /* GpsViewerTests.xctest */,
				243BCE43231C178F00CDF093 /* GpsViewer WatchKit App.app */,
				243BCE52231C178F00CDF093 /* GpsViewer WatchKit Extension.appex */,
			);
			name = Products;
			sourceTree = "<group>";
		};
		243BCE28231C178C00CDF093 /* GpsViewer */ = {
			isa = PBXGroup;
			children = (
				243BCE29231C178C00CDF093 /* AppDelegate.swift */,
				243BCE2B231C178C00CDF093 /* ViewController.swift */,
				243BCE2D231C178C00CDF093 /* Main.storyboard */,
				243BCE30231C178F00CDF093 /* Assets.xcassets */,
				243BCE32231C178F00CDF093 /* LaunchScreen.storyboard */,
				243BCE35231C178F00CDF093 /* Info.plist */,
			);
			path = GpsViewer;
			sourceTree = "<group>";
		};
		243BCE3D231C178F00CDF093 /* GpsViewerTests */ = {
			isa = PBXGroup;
			children = (
				243BCE3E231C178F00CDF093 /* GpsViewerTests.swift */,
				243BCE40231C178F00CDF093 /* Info.plist */,
			);
			path = GpsViewerTests;
			sourceTree = "<group>";
		};
		243BCE47231C178F00CDF093 /* GpsViewer WatchKit App */ = {
			isa = PBXGroup;
			children = (
				243BCE48231C178F00CDF093 /* Interface.storyboard */,
				243BCE4B231C178F00CDF093 /* Assets.xcassets */,
				243BCE4D231C178F00CDF093 /* Info.plist */,
			);
			path = "GpsViewer WatchKit App";
			sourceTree = "<group>";
		};
		243BCE56231C178F00CDF093 /* GpsViewer WatchKit Extension */ = {
			isa = PBXGroup;
			children = (
				243BCE57231C178F00CDF093 /* InterfaceController.swift */,
				243BCE59231C178F00CDF093 /* ExtensionDelegate.swift */,
				243BCE5B231C179000CDF093 /* Assets.xcassets */,
				243BCE5D231C179000CDF093 /* Info.plist */,
			);
			path = "GpsViewer WatchKit Extension";
			sourceTree = "<group>";
		};
/* End PBXGroup section */

/* Begin PBXNativeTarget section */
		243BCE25231C178C00CDF093 /* GpsViewer */ = {
			isa = PBXNativeTarget;
			buildConfigurationList = 243BCE68231C179000CDF093 /* Build configuration list for PBXNativeTarget "GpsViewer" */;
			buildPhases = (
				243BCE22231C178C00CDF093 /* Sources */,
				243BCE23231C178C00CDF093 /* Frameworks */,
				243BCE24231C178C00CDF093 /* Resources */,
				243BCE67231C179000CDF093 /* Embed Watch Content */,
			);
			buildRules = (
			);
			dependencies = (
				243BCE46231C178F00CDF093 /* PBXTargetDependency */,
			);
			name = GpsViewer;
			productName = GpsViewer;
			productReference = 243BCE26231C178C00CDF093 /* GpsViewer.app */;
			productType = "com.apple.product-type.application";
		};
		243BCE39231C178F00CDF093 /* GpsViewerTests */ = {
			isa = PBXNativeTarget;
			buildConfigurationList = 243BCE6B231C179000CDF093 /* Build configuration list for PBXNativeTarget "GpsViewerTests" */;
			buildPhases = (
				243BCE36231C178F00CDF093 /* Sources */,
				243BCE37231C178F00CDF093 /* Frameworks */,
				243BCE38231C178F00CDF093 /* Resources */,
			);
			buildRules = (
			);
			dependencies = (
				243BCE3C231C178F00CDF093 /* PBXTargetDependency */,
			);
			name = GpsViewerTests;
			productName = GpsViewerTests;
			productReference = 243BCE3A231C178F00CDF093 /* GpsViewerTests.xctest */;
			productType = "com.apple.product-type.bundle.unit-test";
		};
		243BCE42231C178F00CDF093 /* GpsViewer WatchKit App */ = {
			isa = PBXNativeTarget;
			buildConfigurationList = 243BCE64231C179000CDF093 /* Build configuration list for PBXNativeTarget "GpsViewer WatchKit App" */;
			buildPhases = (
				243BCE41231C178F00CDF093 /* Resources */,
				243BCE63231C179000CDF093 /* Embed App Extensions */,
			);
			buildRules = (
			);
			dependencies = (
				243BCE55231C178F00CDF093 /* PBXTargetDependency */,
			);
			name = "GpsViewer WatchKit App";
			productName = "GpsViewer WatchKit App";
			productReference = 243BCE43231C178F00CDF093 /* GpsViewer WatchKit App.app */;
			productType = "com.apple.product-type.application.watchapp2";
		};
		243BCE51231C178F00CDF093 /* GpsViewer WatchKit Extension */ = {
			isa = PBXNativeTarget;
			buildConfigurationList = 243BCE60231C179000CDF093 /* Build configuration list for PBXNativeTarget "GpsViewer WatchKit Extension" */;
			buildPhases = (
				243BCE4E231C178F00CDF093 /* Sources */,
				243BCE4F231C178F00CDF093 /* Frameworks */,
				243BCE50231C178F00CDF093 /* Resources */,
			);
			buildRules = (
			);
			dependencies = (
			);
			name = "GpsViewer WatchKit Extension";
			productName = "GpsViewer WatchKit Extension";
			productReference = 243BCE52231C178F00CDF093 /* GpsViewer WatchKit Extension.appex */;
			productType = "com.apple.product-type.watchkit2-extension";
		};
/* End PBXNativeTarget section */

/* Begin PBXProject section */
		243BCE1E231C178C00CDF093 /* Project object */ = {
			isa = PBXProject;
			attributes = {
				LastSwiftUpdateCheck = 1030;
				LastUpgradeCheck = 1030;
				ORGANIZATIONNAME = example.dev;
				TargetAttributes = {
					243BCE25231C178C00CDF093 = {
						CreatedOnToolsVersion = 10.3;
					};
					243BCE39231C178F00CDF093 = {
						CreatedOnToolsVersion = 10.3;
						TestTargetID = 243BCE25231C178C00CDF093;
					};
					243BCE42231C178F00CDF093 = {
						CreatedOnToolsVersion = 10.3;
					};
					243BCE51231C178F00CDF093 = {
						CreatedOnToolsVersion = 10.3;
					};
				};
			};
			buildConfigurationList = 243BCE21231C178C00CDF093 /* Build configuration list for PBXProject "GpsViewer" */;
			compatibilityVersion = "Xcode 9.3";
			developmentRegion = en;
			hasScannedForEncodings = 0;
			knownRegions = (
				en,
				Base,
			);
			mainGroup = 243BCE1D231C178C00CDF093;
			productRefGroup = 243BCE27231C178C00CDF093 /* Products */;
			projectDirPath = "";
			projectRoot = "";
			targets = (
				243BCE25231C178C00CDF093 /* GpsViewer */,
				243BCE39231C178F00CDF093 /* GpsViewerTests */,
				243BCE42231C178F00CDF093 /* GpsViewer WatchKit App */,
				243BCE51231C178F00CDF093 /* GpsViewer WatchKit Extension */,
			);
		};
/* End PBXProject section */

/* Begin PBXResourcesBuildPhase section */
		243BCE24231C178C00CDF093 /* Resources */ = {
			isa = PBXResourcesBuildPhase;
			buildActionMask = 2147483647;
			files = (
				243BCE34231C178F00CDF093 /* LaunchScreen.storyboard in Resources */,
				243BCE31231C178F00CDF093 /* Assets.xcassets in Resources */,
				243BCE2F231C178C00CDF093 /* Main.storyboard in Resources */,
			);
			runOnlyForDeploymentPostprocessing = 0;
		};
		243BCE38231C178F00CDF093 /* Resources */ = {
			isa = PBXResourcesBuildPhase;
			buildActionMask = 2147483647;
			files = (
			);
			runOnlyForDeploymentPostprocessing = 0;
		};
		243BCE41231C178F00CDF093 /* Resources */ = {
			isa = PBXResourcesBuildPhase;
			buildActionMask = 2147483647;
			files = (
				243BCE4C231C178F00CDF093 /* Assets.xcassets in Resources */,
				243BCE4A231C178F00CDF093 /* Interface.storyboard in Resources */,
			);
			runOnlyForDeploymentPostprocessing = 0;
		};
		243BCE50231C178F00CDF093 /* Resources */ = {
			isa = PBXResourcesBuildPhase;
			buildActionMask = 2147483647;
			files = (
				243BCE5C231C179000CDF093 /* Assets.xcassets in Resources */,
			);
			runOnlyForDeploymentPostprocessing = 0;
		};
/* End PBXResourcesBuildPhase section */

/* Begin PBXSourcesBuildPhase section */
		243BCE22231C178C00CDF093 /* Sources */ = {
			isa = PBXSourcesBuildPhase;
			buildActionMask = 2147483647;
			files = (
				243BCE2C231C178C00CDF093 /* ViewController.swift in Sources */,
				243BCE2A231C178C00CDF093 /* AppDelegate.swift in Sources */,
			);
			runOnlyForDeploymentPostprocessing = 0;
		};
		243BCE36231C178F00CDF093 /* Sources */ = {
			isa = PBXSourcesBuildPhase;
			buildActionMask = 2147483647;
			files = (
				243BCE3F231C178F00CDF093 /* GpsViewerTests.swift in Sources */,
			);
			runOnlyForDeploymentPostprocessing = 0;
		};
		243BCE4E231C178F00CDF093 /* Sources */ = {
			isa = PBXSourcesBuildPhase;
			buildActionMask = 2147483647;
			files = (
				243BCE5A231C178F00CDF093 /* ExtensionDelegate.swift in Sources */,
				243BCE58231C178F00CDF093 /* InterfaceController.swift in Sources */,
			);
			runOnlyForDeploymentPostprocessing = 0;
		};
/* End PBXSourcesBuildPhase section */

/* Begin PBXTargetDependency section */
		243BCE3C231C178F00CDF093 /* PBXTargetDependency */ = {
			isa = PBXTargetDependency;
			target = 243BCE25231C178C00CDF093 /* GpsViewer */;
			targetProxy = 243BCE3B231C178F00CDF093 /* PBXContainerItemProxy */;
		};
		243BCE46231C178F00CDF093 /* PBXTargetDependency */ = {
			isa = PBXTargetDependency;
			target = 243BCE42231C178F00CDF093 /* GpsViewer WatchKit App */;
			targetProxy = 243BCE45231C178F00CDF093 /* PBXContainerItemProxy */;
		};
		243BCE55231C178F00CDF093 /* PBXTargetDependency */ = {
			isa = PBXTargetDependency;
			target = 243BCE51231C178F00CDF093 /* GpsViewer WatchKit Extension */;
			targetProxy = 243BCE54231C178F00CDF093 /* PBXContainerItemProxy */;
		};
/* End PBXTargetDependency section */

/* Begin PBXVariantGroup section */
		243BCE2D231C178C00CDF093 /* Main.storyboard */ = {
			isa = PBXVariantGroup;
			children = (
				243BCE2E231C178C00CDF093 /* Base */,
			);
			name = Main.storyboard;
			sourceTree = "<group>";
		};
		243BCE32231C178F00CDF093 /* LaunchScreen.storyboard */ = {
			isa = PBXVariantGroup;
			children = (
				243BCE33231C178F00CDF093 /* Base */,
			);
			name = LaunchScreen.storyboard;
			sourceTree = "<group>";
		};
		243BCE48231C178F00CDF093 /* Interface.storyboard */ = {
			isa = PBXVariantGroup;
			children = (
				243BCE49231C178F00CDF093 /* Base */,
			);
			name = Interface.storyboard;
			sourceTree = "<group>";
		};
/* End PBXVariantGroup section */

/* Begin XCBuildConfiguration section */
		243BCE5E231C179000CDF093 /* Debug */ = {
			isa = XCBuildConfiguration;
			buildSettings = {
				ALWAYS_SEARCH_USER_PATHS = NO;
				CLANG_ANALYZER_NONNULL = YES;
				CLANG_ANALYZER_NUMBER_OBJECT_CONVERSION = YES_AGGRESSIVE;
				CLANG_CXX_LANGUAGE_STANDARD = "gnu++14";
				CLANG_CXX_LIBRARY = "libc++";
				CLANG_ENABLE_MODULES = YES;
				CLANG_ENABLE_OBJC_ARC = YES;
				CLANG_ENABLE_OBJC_WEAK = YES;
				CLANG_WARN_BLOCK_CAPTURE_AUTORELEASING = YES;
				CLANG_WARN_BOOL_CONVERSION = YES;
				CLANG_WARN_COMMA = YES;
				CLANG_WARN_CONSTANT_CONVERSION = YES;
				CLANG_WARN_DEPRECATED_OBJC_IMPLEMENTATIONS = YES;
				CLANG_WARN_DIRECT_OBJC_ISA_USAGE = YES_ERROR;
				CLANG_WARN_DOCUMENTATION_COMMENTS = YES;
				CLANG_WARN_EMPTY_BODY = YES;
				CLANG_WARN_ENUM_CONVERSION = YES;
				CLANG_WARN_INFINITE_RECURSION = YES;
				CLANG_WARN_INT_CONVERSION = YES;
				CLANG_WARN_NON_LITERAL_NULL_CONVERSION = YES;
				CLANG_WARN_OBJC_IMPLICIT_RETAIN_SELF = YES;
				CLANG_WARN_OBJC_LITERAL_CONVERSION = YES;
				CLANG_WARN_OBJC_ROOT_CLASS = YES_ERROR;
				CLANG_WARN_RANGE_LOOP_ANALYSIS = YES;
				CLANG_WARN_STRICT_PROTOTYPES = YES;
				CLANG_WARN_SUSPICIOUS_MOVE = YES;
				CLANG_WARN_UNGUARDED_AVAILABILITY = YES_AGGRESSIVE;
				CLANG_WARN_UNREACHABLE_CODE = YES;
				CLANG_WARN__DUPLICATE_METHOD_MATCH = YES;
				CODE_SIGN_IDENTITY = "iPhone Developer";
				COPY_PHASE_STRIP = NO;
				DEBUG_INFORMATION_FORMAT = dwarf;
				ENABLE_STRICT_OBJC_MSGSEND = YES;
				ENABLE_TESTABILITY = YES;
				GCC_C_LANGUAGE_STANDARD = gnu11;
				GCC_DYNAMIC_NO_PIC = NO;
				GCC_NO_COMMON_BLOCKS = YES;
				GCC_OPTIMIZATION_LEVEL = 0;
				GCC_PREPROCESSOR_DEFINITIONS = (
					"DEBUG=1",
					"$(inherited)",
				);
				GCC_WARN_64_TO_32_BIT_CONVERSION = YES;
				GCC_WARN_ABOUT_RETURN_TYPE = YES_ERROR;
				GCC_WARN_UNDECLARED_SELECTOR = YES;
				GCC_WARN_UNINITIALIZED_AUTOS = YES_AGGRESSIVE;
				GCC_WARN_UNUSED_FUNCTION = YES;
				GCC_WARN_UNUSED_VARIABLE = YES;
				IPHONEOS_DEPLOYMENT_TARGET = 12.4;
				MTL_ENABLE_DEBUG_INFO = INCLUDE_SOURCE;
				MTL_FAST_MATH = YES;
				ONLY_ACTIVE_ARCH = YES;
				SDKROOT = iphoneos;
				SWIFT_ACTIVE_COMPILATION_CONDITIONS = DEBUG;
				SWIFT_OPTIMIZATION_LEVEL = "-Onone";
			};
			name = Debug;
		};
		243BCE5F231C179000CDF093 /* Release */ = {
			isa = XCBuildConfiguration;
			buildSettings = {
				ALWAYS_SEARCH_USER_PATHS = NO;
				CLANG_ANALYZER_NONNULL = YES;
				CLANG_ANALYZER_NUMBER_OBJECT_CONVERSION = YES_AGGRESSIVE;
				CLANG_CXX_LANGUAGE_STANDARD = "gnu++14";
				CLANG_CXX_LIBRARY = "libc++";
				CLANG_ENABLE_MODULES = YES;
				CLANG_ENABLE_OBJC_ARC = YES;
				CLANG_ENABLE_OBJC_WEAK = YES;
				CLANG_WARN_BLOCK_CAPTURE_AUTORELEASING = YES;
				CLANG_WARN_BOOL_CONVERSION = YES;
				CLANG_WARN_COMMA = YES;
				CLANG_WARN_CONSTANT_CONVERSION = YES;
				CLANG_WARN_DEPRECATED_OBJC_IMPLEMENTATIONS = YES;
				CLANG_WARN_DIRECT_OBJC_ISA_USAGE = YES_ERROR;
				CLANG_WARN_DOCUMENTATION_COMMENTS = YES;
				CLANG_WARN_EMPTY_BODY = YES;
				CLANG_WARN_ENUM_CONVERSION = YES;
				CLANG_WARN_INFINITE_RECURSION = YES;
				CLANG_WARN_INT_CONVERSION = YES;
				CLANG_WARN_NON_LITERAL_NULL_CONVERSION = YES;
				CLANG_WARN_OBJC_IMPLICIT_RETAIN_SELF = YES;
				CLANG_WARN_OBJC_LITERAL_CONVERSION = YES;
				CLANG_WARN_OBJC_ROOT_CLASS = YES_ERROR;
				CLANG_WARN_RANGE_LOOP_ANALYSIS = YES;
				CLANG_WARN_STRICT_PROTOTYPES = YES;
				CLANG_WARN_SUSPICIOUS_MOVE = YES;
				CLANG_WARN_UNGUARDED_AVAILABILITY = YES_AGGRESSIVE;
				CLANG_WARN_UNREACHABLE_CODE = YES;
				CLANG_WARN__DUPLICATE_METHOD_MATCH = YES;
				CODE_SIGN_IDENTITY = "iPhone Developer";
				COPY_PHASE_STRIP = NO;
				DEBUG_INFORMATION_FORMAT = "dwarf-with-dsym";
				ENABLE_NS_ASSERTIONS = NO;
				ENABLE_STRICT_OBJC_MSGSEND = YES;
				GCC_C_LANGUAGE_STANDARD = gnu11;
				GCC_NO_COMMON_BLOCKS = YES;
				GCC_WARN_64_TO_32_BIT_CONVERSION = YES;
				GCC_WARN_ABOUT_RETURN_TYPE = YES_ERROR;
				GCC_WARN_UNDECLARED_SELECTOR = YES;
				GCC_WARN_UNINITIALIZED_AUTOS = YES_AGGRESSIVE;
				GCC_WARN_UNUSED_FUNCTION = YES;
				GCC_WARN_UNUSED_VARIABLE = YES;
				IPHONEOS_DEPLOYMENT_TARGET = 12.4;
				MTL_ENABLE_DEBUG_INFO = NO;
				MTL_FAST_MATH = YES;
				SDKROOT = iphoneos;
				SWIFT_COMPILATION_MODE = wholemodule;
				SWIFT_OPTIMIZATION_LEVEL = "-O";
				VALIDATE_PRODUCT = YES;
			};
			name = Release;
		};
		243BCE61231C179000CDF093 /* Debug */ = {
			isa = XCBuildConfiguration;
			buildSettings = {
				ASSETCATALOG_COMPILER_COMPLICATION_NAME = Complication;
				CODE_SIGN_STYLE = Automatic;
				DEVELOPMENT_TEAM = "";
				INFOPLIST_FILE = "GpsViewer WatchKit Extension/Info.plist";
				LD_RUNPATH_SEARCH_PATHS = (
					"$(inherited)",
					"@executable_path/Frameworks",
					"@executable_path/../../Frameworks",
				);
				PRODUCT_BUNDLE_IDENTIFIER = dev.example.GpsViewer.watchkitapp.watchkitextension;
				PRODUCT_NAME = "${TARGET_NAME}";
				SDKROOT = watchos;
				SKIP_INSTALL = YES;
				SWIFT_VERSION = 5.0;
				TARGETED_DEVICE_FAMILY = 4;
				WATCHOS_DEPLOYMENT_TARGET = 5.3;
			};
			name = Debug;
		};
		243BCE62231C179000CDF093 /* Release */ = {
			isa = XCBuildConfiguration;
			buildSettings = {
				ASSETCATALOG_COMPILER_COMPLICATION_NAME = Complication;
				CODE_SIGN_STYLE = Automatic;
				DEVELOPMENT_TEAM = "";
				INFOPLIST_FILE = "GpsViewer WatchKit Extension/Info.plist";
				LD_RUNPATH_SEARCH_PATHS = (
					"$(inherited)",
					"@executable_path/Frameworks",
					"@executable_path/../../Frameworks",
				);
				PRODUCT_BUNDLE_IDENTIFIER = dev.example.GpsViewer.watchkitapp.watchkitextension;
				PRODUCT_NAME = "${TARGET_NAME}";
				SDKROOT = watchos;
				SKIP_INSTALL = YES;
				SWIFT_VERSION = 5.0;
				TARGETED_DEVICE_FAMILY = 4;
				WATCHOS_DEPLOYMENT_TARGET = 5.3;
			};
			name = Release;
		};
		243BCE65231C179000CDF093 /* Debug */ = {
			isa = XCBuildConfiguration;
			buildSettings = {
				ALWAYS_EMBED_SWIFT_STANDARD_LIBRARIES = YES;
				ASSETCATALOG_COMPILER_APPICON_NAME = AppIcon;
				CODE_SIGN_STYLE = Automatic;
				DEVELOPMENT_TEAM = "";
				IBSC_MODULE = GpsViewer_WatchKit_Extension;
				INFOPLIST_FILE = "GpsViewer WatchKit App/Info.plist";
				PRODUCT_BUNDLE_IDENTIFIER = dev.example.GpsViewer.watchkitapp;
				PRODUCT_NAME = "$(TARGET_NAME)";
				SDKROOT = watchos;
				SKIP_INSTALL = YES;
				SWIFT_VERSION = 5.0;
				TARGETED_DEVICE_FAMILY = 4;
				WATCHOS_DEPLOYMENT_TARGET = 5.3;
			};
			name = Debug;
		};
		243BCE66231C179000CDF093 /* Release */ = {
			isa = XCBuildConfiguration;
			buildSettings = {
				ALWAYS_EMBED_SWIFT_STANDARD_LIBRARIES = YES;
				ASSETCATALOG_COMPILER_APPICON_NAME = AppIcon;
				CODE_SIGN_STYLE = Automatic;
				DEVELOPMENT_TEAM = "";
				IBSC_MODULE = GpsViewer_WatchKit_Extension;
				INFOPLIST_FILE = "GpsViewer WatchKit App/Info.plist";
				PRODUCT_BUNDLE_IDENTIFIER = dev.example.GpsViewer.watchkitapp;
				PRODUCT_NAME = "$(TARGET_NAME)";
				SDKROOT = watchos;
				SKIP_INSTALL = YES;
				SWIFT_VERSION = 5.0;
				TARGETED_DEVICE_FAMILY = 4;
				WATCHOS_DEPLOYMENT_TARGET = 5.3;
			};
			name = Release;
		};
		243BCE69231C179000CDF093 /* Debug */ = {
			isa = XCBuildConfiguration;
			buildSettings = {
				ASSETCATALOG_COMPILER_APPICON_NAME = AppIcon;
				CODE_SIGN_STYLE = Automatic;
				DEVELOPMENT_TEAM = "";
				INFOPLIST_FILE = GpsViewer/Info.plist;
				LD_RUNPATH_SEARCH_PATHS = (
					"$(inherited)",
					"@executable_path/Frameworks",
				);
				PRODUCT_BUNDLE_IDENTIFIER = dev.example.GpsViewer;
				PRODUCT_NAME = "$(TARGET_NAME)";
				SWIFT_VERSION = 5.0;
				TARGETED_DEVICE_FAMILY = "1,2";
			};
			name = Debug;
		};
		243BCE6A231C179000CDF093 /* Release */ = {
			isa = XCBuildConfiguration;
			buildSettings = {
				ASSETCATALOG_COMPILER_APPICON_NAME = AppIcon;
				CODE_SIGN_STYLE = Automatic;
				DEVELOPMENT_TEAM = "";
				INFOPLIST_FILE = GpsViewer/Info.plist;
				LD_RUNPATH_SEARCH_PATHS = (
					"$(inherited)",
					"@executable_path/Frameworks",
				);
				PRODUCT_BUNDLE_IDENTIFIER = dev.example.GpsViewer;
				PRODUCT_NAME = "$(TARGET_NAME)";
				SWIFT_VERSION = 5.0;
				TARGETED_DEVICE_FAMILY = "1,2";
			};
			name = Release;
		};
		243BCE6C231C179000CDF093 /* Debug */ = {
			isa = XCBuildConfiguration;
			buildSettings = {
				ALWAYS_EMBED_SWIFT_STANDARD_LIBRARIES = YES;
				BUNDLE_LOADER = "$(TEST_HOST)";
				CODE_SIGN_STYLE = Automatic;
				DEVELOPMENT_TEAM = SV5WFJWJ8T;
				INFOPLIST_FILE = GpsViewerTests/Info.plist;
				LD_RUNPATH_SEARCH_PATHS = (
					"$(inherited)",
					"@executable_path/Frameworks",
					"@loader_path/Frameworks",
				);
				PRODUCT_BUNDLE_IDENTIFIER = dev.example.GpsViewerTests;
				PRODUCT_NAME = "$(TARGET_NAME)";
				SWIFT_VERSION = 5.0;
				TARGETED_DEVICE_FAMILY = "1,2";
				TEST_HOST = "$(BUILT_PRODUCTS_DIR)/GpsViewer.app/GpsViewer";
			};
			name = Debug;
		};
		243BCE6D231C179000CDF093 /* Release */ = {
			isa = XCBuildConfiguration;
			buildSettings = {
				ALWAYS_EMBED_SWIFT_STANDARD_LIBRARIES = YES;
				BUNDLE_LOADER = "$(TEST_HOST)";
				CODE_SIGN_STYLE = Automatic;
				DEVELOPMENT_TEAM = SV5WFJWJ8T;
				INFOPLIST_FILE = GpsViewerTests/Info.plist;
				LD_RUNPATH_SEARCH_PATHS = (
					"$(inherited)",
					"@executable_path/Frameworks",
					"@loader_path/Frameworks",
				);
				PRODUCT_BUNDLE_IDENTIFIER = dev.example.GpsViewerTests;
				PRODUCT_NAME = "$(TARGET_NAME)";
				SWIFT_VERSION = 5.0;
				TARGETED_DEVICE_FAMILY = "1,2";
				TEST_HOST = "$(BUILT_PRODUCTS_DIR)/GpsViewer.app/GpsViewer";
			};
			name = Release;
		};
/* End XCBuildConfiguration section */

/* Begin XCConfigurationList section */
		243BCE21231C178C00CDF093 /* Build configuration list for PBXProject "GpsViewer" */ = {
			isa = XCConfigurationList;
			buildConfigurations = (
				243BCE5E231C179000CDF093 /* Debug */,
				243BCE5F231C179000CDF093 /* Release */,
			);
			defaultConfigurationIsVisible = 0;
			defaultConfigurationName = Release;
		};
		243BCE60231C179000CDF093 /* Build configuration list for PBXNativeTarget "GpsViewer WatchKit Extension" */ = {
			isa = XCConfigurationList;
			buildConfigurations = (
				243BCE61231C179000CDF093 /* Debug */,
				243BCE62231C179000CDF093 /* Release */,
			);
			defaultConfigurationIsVisible = 0;
			defaultConfigurationName = Release;
		};
		243BCE64231C179000CDF093 /* Build configuration list for PBXNativeTarget "GpsViewer WatchKit App" */ = {
			isa = XCConfigurationList;
			buildConfigurations = (
				243BCE65231C179000CDF093 /* Debug */,
				243BCE66231C179000CDF093 /* Release */,
			);
			defaultConfigurationIsVisible = 0;
			defaultConfigurationName = Release;
		};
		243BCE68231C179000CDF093 /* Build configuration list for PBXNativeTarget "GpsViewer" */ = {
			isa = XCConfigurationList;
			buildConfigurations = (
				243BCE69231C179000CDF093 /* Debug */,
				243BCE6A231C179000CDF093 /* Release */,
			);
			defaultConfigurationIsVisible = 0;
			defaultConfigurationName = Release;
		};
		243BCE6B231C179000CDF093 /* Build configuration list for PBXNativeTarget "GpsViewerTests" */ = {
			isa = XCConfigurationList;
			buildConfigurations = (
				243BCE6C231C179000CDF093 /* Debug */,
				243BCE6D231C179000CDF093 /* Release */,
			);
			defaultConfigurationIsVisible = 0;
			defaultConfigurationName = Release;
		};
/* End XCConfigurationList section */
	};
	rootObject = 243BCE1E231C178C00CDF093 /* Project object */;
}
